// !$*UTF8*$!
{
	archiveVersion = 1;
	classes = {
	};
	objectVersion = 46;
	objects = {

/* Begin PBXBuildFile section */
		080805451717430A007D6996 /* data.tsv in Resources */ = {isa = PBXBuildFile; fileRef = 080805441717430A007D6996 /* data.tsv */; };
		0808054717174454007D6996 /* d3.min.js in Resources */ = {isa = PBXBuildFile; fileRef = 0808054617174454007D6996 /* d3.min.js */; };
		08089F3116E6A90C00EBA435 /* CustomPagerViewController.m in Sources */ = {isa = PBXBuildFile; fileRef = 08089F2D16E6A90C00EBA435 /* CustomPagerViewController.m */; };
		08089F3316E6A90C00EBA435 /* PagerViewController.m in Sources */ = {isa = PBXBuildFile; fileRef = 08089F3016E6A90C00EBA435 /* PagerViewController.m */; };
		084FCEB9172D9BAB0037CDA8 /* temp3.xml in Resources */ = {isa = PBXBuildFile; fileRef = 084FCEB8172D9BAB0037CDA8 /* temp3.xml */; };
		08549435170288830007566F /* ScanController.m in Sources */ = {isa = PBXBuildFile; fileRef = 0854942F170288830007566F /* ScanController.m */; };
		08549436170288830007566F /* SensorConfigViewController.m in Sources */ = {isa = PBXBuildFile; fileRef = 08549431170288830007566F /* SensorConfigViewController.m */; };
		0866AF9816F8E0760097F624 /* RealTimeBuilder.m in Sources */ = {isa = PBXBuildFile; fileRef = 0866AF9716F8E0760097F624 /* RealTimeBuilder.m */; };
		086E780816F2428200EA221D /* GaugeViewController.m in Sources */ = {isa = PBXBuildFile; fileRef = 086E780416F2428200EA221D /* GaugeViewController.m */; };
		086E780B16F253D800EA221D /* CoreText.framework in Frameworks */ = {isa = PBXBuildFile; fileRef = 086E780A16F253D800EA221D /* CoreText.framework */; };
		0883F5AF172490880072D952 /* chart.js in Resources */ = {isa = PBXBuildFile; fileRef = 0883F5AE172490880072D952 /* chart.js */; };
		0883F5B117249C5A0072D952 /* jquery-2.0.0.min.js in Resources */ = {isa = PBXBuildFile; fileRef = 0883F5B017249C5A0072D952 /* jquery-2.0.0.min.js */; };
		0883F5B317249F640072D952 /* saveRun.xml in Resources */ = {isa = PBXBuildFile; fileRef = 0883F5B217249F640072D952 /* saveRun.xml */; };
		088BA65217172E1B002F0831 /* GraphViewController.m in Sources */ = {isa = PBXBuildFile; fileRef = 088BA65117172E1B002F0831 /* GraphViewController.m */; };
		088BA65B17173AA6002F0831 /* index.html in Resources */ = {isa = PBXBuildFile; fileRef = 088BA65A17173AA6002F0831 /* index.html */; };
		089EC76B171DE1E1004A76EC /* circle_outline.png in Resources */ = {isa = PBXBuildFile; fileRef = 089EC75F171DE1E1004A76EC /* circle_outline.png */; };
		089EC76C171DE1E1004A76EC /* circle_outline@2x.png in Resources */ = {isa = PBXBuildFile; fileRef = 089EC760171DE1E1004A76EC /* circle_outline@2x.png */; };
		089EC76D171DE1E1004A76EC /* circle_outline_pressed.png in Resources */ = {isa = PBXBuildFile; fileRef = 089EC761171DE1E1004A76EC /* circle_outline_pressed.png */; };
		089EC76E171DE1E1004A76EC /* circle_outline_pressed@2x.png in Resources */ = {isa = PBXBuildFile; fileRef = 089EC762171DE1E1004A76EC /* circle_outline_pressed@2x.png */; };
		089EC76F171DE1E1004A76EC /* circle_ridge.png in Resources */ = {isa = PBXBuildFile; fileRef = 089EC763171DE1E1004A76EC /* circle_ridge.png */; };
		089EC770171DE1E1004A76EC /* circle_ridge@2x.png in Resources */ = {isa = PBXBuildFile; fileRef = 089EC764171DE1E1004A76EC /* circle_ridge@2x.png */; };
		089EC771171DE1E1004A76EC /* circle_thumb.png in Resources */ = {isa = PBXBuildFile; fileRef = 089EC765171DE1E1004A76EC /* circle_thumb.png */; };
		089EC772171DE1E1004A76EC /* circle_thumb@2x.png in Resources */ = {isa = PBXBuildFile; fileRef = 089EC766171DE1E1004A76EC /* circle_thumb@2x.png */; };
		089EC773171DE1E1004A76EC /* graph_week.png in Resources */ = {isa = PBXBuildFile; fileRef = 089EC767171DE1E1004A76EC /* graph_week.png */; };
		089EC774171DE1E1004A76EC /* graph_week@2x.png in Resources */ = {isa = PBXBuildFile; fileRef = 089EC768171DE1E1004A76EC /* graph_week@2x.png */; };
		089EC775171DE1E1004A76EC /* graph_year.png in Resources */ = {isa = PBXBuildFile; fileRef = 089EC769171DE1E1004A76EC /* graph_year.png */; };
		089EC776171DE1E1004A76EC /* graph_year@2x.png in Resources */ = {isa = PBXBuildFile; fileRef = 089EC76A171DE1E1004A76EC /* graph_year@2x.png */; };
		089EC77D171DE200004A76EC /* KDBarGraph.m in Sources */ = {isa = PBXBuildFile; fileRef = 089EC778171DE200004A76EC /* KDBarGraph.m */; };
		089EC77E171DE200004A76EC /* KDGoalBar.m in Sources */ = {isa = PBXBuildFile; fileRef = 089EC77A171DE200004A76EC /* KDGoalBar.m */; };
		089EC77F171DE200004A76EC /* KDGoalBarPercentLayer.m in Sources */ = {isa = PBXBuildFile; fileRef = 089EC77C171DE200004A76EC /* KDGoalBarPercentLayer.m */; };
		089EC782171DE3F6004A76EC /* SoundPlayer.m in Sources */ = {isa = PBXBuildFile; fileRef = 089EC781171DE3F6004A76EC /* SoundPlayer.m */; };
		089EC784171DE526004A76EC /* AudioToolbox.framework in Frameworks */ = {isa = PBXBuildFile; fileRef = 089EC783171DE526004A76EC /* AudioToolbox.framework */; };
		089FFEC017034F800088D528 /* iPhone.storyboard in Resources */ = {isa = PBXBuildFile; fileRef = 089FFEBF17034F800088D528 /* iPhone.storyboard */; };
		089FFEC217034FB40088D528 /* CoreBluetooth.framework in Frameworks */ = {isa = PBXBuildFile; fileRef = 089FFEC117034FB40088D528 /* CoreBluetooth.framework */; };
		08A2AF2116E69C6B00065D0C /* Default-568h@2x.png in Resources */ = {isa = PBXBuildFile; fileRef = 08A2AF2016E69C6A00065D0C /* Default-568h@2x.png */; };
		08E4538F1720728E00F8CA6A /* circle_outline_120.png in Resources */ = {isa = PBXBuildFile; fileRef = 08E4538E1720728E00F8CA6A /* circle_outline_120.png */; };
		08E45391172084F300F8CA6A /* circle_outline_pressed_120.png in Resources */ = {isa = PBXBuildFile; fileRef = 08E45390172084F200F8CA6A /* circle_outline_pressed_120.png */; };
		08F7E30F1729AC4100A1F761 /* temp.xml in Resources */ = {isa = PBXBuildFile; fileRef = 08F7E30E1729AC4100A1F761 /* temp.xml */; };
		08F7E3111729E2CD00A1F761 /* temp2.xml in Resources */ = {isa = PBXBuildFile; fileRef = 08F7E3101729E2CC00A1F761 /* temp2.xml */; };
		27498DCE14E96C75005C043E /* NavigationTopViewController.m in Sources */ = {isa = PBXBuildFile; fileRef = 27498DCD14E96C75005C043E /* NavigationTopViewController.m */; };
		27498DD514E96EEF005C043E /* SampleTableViewController.m in Sources */ = {isa = PBXBuildFile; fileRef = 27498DD414E96EEF005C043E /* SampleTableViewController.m */; };
		2750E77114CDB0DF007727A0 /* UIKit.framework in Frameworks */ = {isa = PBXBuildFile; fileRef = 2750E77014CDB0DF007727A0 /* UIKit.framework */; };
		2750E77314CDB0DF007727A0 /* Foundation.framework in Frameworks */ = {isa = PBXBuildFile; fileRef = 2750E77214CDB0DF007727A0 /* Foundation.framework */; };
		2750E77514CDB0DF007727A0 /* CoreGraphics.framework in Frameworks */ = {isa = PBXBuildFile; fileRef = 2750E77414CDB0DF007727A0 /* CoreGraphics.framework */; };
		2750E77B14CDB0DF007727A0 /* InfoPlist.strings in Resources */ = {isa = PBXBuildFile; fileRef = 2750E77914CDB0DF007727A0 /* InfoPlist.strings */; };
		2750E77D14CDB0DF007727A0 /* main.m in Sources */ = {isa = PBXBuildFile; fileRef = 2750E77C14CDB0DF007727A0 /* main.m */; };
		2750E78114CDB0DF007727A0 /* AppDelegate.m in Sources */ = {isa = PBXBuildFile; fileRef = 2750E78014CDB0DF007727A0 /* AppDelegate.m */; };
		2750E79414CDB93A007727A0 /* MenuViewController.m in Sources */ = {isa = PBXBuildFile; fileRef = 2750E79314CDB93A007727A0 /* MenuViewController.m */; };
		2750E79714CDB959007727A0 /* FirstTopViewController.m in Sources */ = {isa = PBXBuildFile; fileRef = 2750E79614CDB959007727A0 /* FirstTopViewController.m */; };
		2750E79A14CDB99A007727A0 /* SecondTopViewController.m in Sources */ = {isa = PBXBuildFile; fileRef = 2750E79914CDB99A007727A0 /* SecondTopViewController.m */; };
		2750E79D14CDBA48007727A0 /* ThirdTopViewController.m in Sources */ = {isa = PBXBuildFile; fileRef = 2750E79C14CDBA48007727A0 /* ThirdTopViewController.m */; };
		2750E7AE14CF1306007727A0 /* ECSlidingViewController.m in Sources */ = {isa = PBXBuildFile; fileRef = 2750E7AB14CF1306007727A0 /* ECSlidingViewController.m */; };
		2750E7AF14CF1306007727A0 /* UIImage+ImageWithUIView.m in Sources */ = {isa = PBXBuildFile; fileRef = 2750E7AD14CF1306007727A0 /* UIImage+ImageWithUIView.m */; };
		27FC94E014D0C14E0000B18C /* InitialSlidingViewController.m in Sources */ = {isa = PBXBuildFile; fileRef = 27FC94DF14D0C14E0000B18C /* InitialSlidingViewController.m */; };
		27FC94E314D105C60000B18C /* QuartzCore.framework in Frameworks */ = {isa = PBXBuildFile; fileRef = 27FC94E214D105C60000B18C /* QuartzCore.framework */; };
		7428C44F1704CCBC0013A04E /* SensorTableController.m in Sources */ = {isa = PBXBuildFile; fileRef = 7428C44E1704CCBC0013A04E /* SensorTableController.m */; };
		7428C46F170A26DA0013A04E /* Icon.png in Resources */ = {isa = PBXBuildFile; fileRef = 7428C46E170A26DA0013A04E /* Icon.png */; };
		7428C471170A26E70013A04E /* Icon@2x.png in Resources */ = {isa = PBXBuildFile; fileRef = 7428C470170A26E70013A04E /* Icon@2x.png */; };
		7428C473170B8D150013A04E /* AddSensorController.m in Sources */ = {isa = PBXBuildFile; fileRef = 7428C472170B8D150013A04E /* AddSensorController.m */; };
		7428C478170BA2FF0013A04E /* CFNetwork.framework in Frameworks */ = {isa = PBXBuildFile; fileRef = 7428C477170BA2FF0013A04E /* CFNetwork.framework */; };
		742C43FA172733610013AB46 /* brsp_device1_0_1.a in Frameworks */ = {isa = PBXBuildFile; fileRef = 742C43F8172733600013AB46 /* brsp_device1_0_1.a */; };
		742C43FB172733610013AB46 /* brsp_simulator1_0_1.a in Frameworks */ = {isa = PBXBuildFile; fileRef = 742C43F9172733610013AB46 /* brsp_simulator1_0_1.a */; };
		742C43FE17299D410013AB46 /* GaugeDisplayModel.m in Sources */ = {isa = PBXBuildFile; fileRef = 742C43FD17299D400013AB46 /* GaugeDisplayModel.m */; };
		742C4401172C30C60013AB46 /* ServerRunsController.m in Sources */ = {isa = PBXBuildFile; fileRef = 742C4400172C30C60013AB46 /* ServerRunsController.m */; };
		744F50A8172CB6630094D40E /* UploadRunsController.m in Sources */ = {isa = PBXBuildFile; fileRef = 744F50A7172CB6630094D40E /* UploadRunsController.m */; };
		746178E616EBCDF80007FE56 /* ConfigurationModelMap.m in Sources */ = {isa = PBXBuildFile; fileRef = 746178DF16EBCDF70007FE56 /* ConfigurationModelMap.m */; };
		746178E816EBCDF80007FE56 /* SensorAggregateModel.m in Sources */ = {isa = PBXBuildFile; fileRef = 746178E316EBCDF70007FE56 /* SensorAggregateModel.m */; };
		746178E916EBCDF80007FE56 /* SensorSnapshotModel.m in Sources */ = {isa = PBXBuildFile; fileRef = 746178E516EBCDF80007FE56 /* SensorSnapshotModel.m */; };
		746178ED16EBCFC00007FE56 /* GaugeModel.m in Sources */ = {isa = PBXBuildFile; fileRef = 746178EC16EBCFC00007FE56 /* GaugeModel.m */; };
		746178F016EBE5720007FE56 /* ConfigurationModel.m in Sources */ = {isa = PBXBuildFile; fileRef = 746178EF16EBE5720007FE56 /* ConfigurationModel.m */; };
		748D49761721AA3900407F32 /* RunModel.m in Sources */ = {isa = PBXBuildFile; fileRef = 748D49751721AA3900407F32 /* RunModel.m */; };
		748D497A1724910000407F32 /* UserModel.m in Sources */ = {isa = PBXBuildFile; fileRef = 748D49791724910000407F32 /* UserModel.m */; };
		748D497D17249BF400407F32 /* UserConfigController.m in Sources */ = {isa = PBXBuildFile; fileRef = 748D497C17249BF400407F32 /* UserConfigController.m */; };
		748D499F1724AF4C00407F32 /* SystemConfiguration.framework in Frameworks */ = {isa = PBXBuildFile; fileRef = 748D499E1724AF4C00407F32 /* SystemConfiguration.framework */; };
		748D49A11724AF5900407F32 /* MobileCoreServices.framework in Frameworks */ = {isa = PBXBuildFile; fileRef = 748D49A01724AF5800407F32 /* MobileCoreServices.framework */; };
		748D49A31724AF6A00407F32 /* libz.dylib in Frameworks */ = {isa = PBXBuildFile; fileRef = 748D49A21724AF6A00407F32 /* libz.dylib */; };
		748D4A851724BAE000407F32 /* libASIHTTPRequest.a in Frameworks */ = {isa = PBXBuildFile; fileRef = 748D4A831724BADF00407F32 /* libASIHTTPRequest.a */; };
		748D4A861724BAE000407F32 /* libASIHTTPRequestsim.a in Frameworks */ = {isa = PBXBuildFile; fileRef = 748D4A841724BAE000407F32 /* libASIHTTPRequestsim.a */; };
		748D4A891725D06600407F32 /* ServerConfigController.m in Sources */ = {isa = PBXBuildFile; fileRef = 748D4A881725D06500407F32 /* ServerConfigController.m */; };
		748D4A8D1725D16200407F32 /* NetworkConfigModel.m in Sources */ = {isa = PBXBuildFile; fileRef = 748D4A8C1725D16200407F32 /* NetworkConfigModel.m */; };
		749F7174172DB42F00CD6F3B /* SensorSelectController.m in Sources */ = {isa = PBXBuildFile; fileRef = 749F7173172DB42F00CD6F3B /* SensorSelectController.m */; };
		749FE1F517184DC1005511D7 /* RunListModel.m in Sources */ = {isa = PBXBuildFile; fileRef = 749FE1F417184DC1005511D7 /* RunListModel.m */; };
		749FE1FB171DD0AF005511D7 /* RunSelectController.m in Sources */ = {isa = PBXBuildFile; fileRef = 749FE1FA171DD0AF005511D7 /* RunSelectController.m */; };
		74D85A11170F24B90059B791 /* BLEGaugeAlarmService.m in Sources */ = {isa = PBXBuildFile; fileRef = 74D85A10170F24B90059B791 /* BLEGaugeAlarmService.m */; };
/* End PBXBuildFile section */

/* Begin PBXFileReference section */
		080805441717430A007D6996 /* data.tsv */ = {isa = PBXFileReference; fileEncoding = 4; lastKnownFileType = text; path = data.tsv; sourceTree = "<group>"; };
		0808054617174454007D6996 /* d3.min.js */ = {isa = PBXFileReference; fileEncoding = 4; lastKnownFileType = sourcecode.javascript; path = d3.min.js; sourceTree = "<group>"; };
		08089F2C16E6A90C00EBA435 /* CustomPagerViewController.h */ = {isa = PBXFileReference; fileEncoding = 4; lastKnownFileType = sourcecode.c.h; path = CustomPagerViewController.h; sourceTree = "<group>"; };
		08089F2D16E6A90C00EBA435 /* CustomPagerViewController.m */ = {isa = PBXFileReference; fileEncoding = 4; lastKnownFileType = sourcecode.c.objc; path = CustomPagerViewController.m; sourceTree = "<group>"; };
		08089F2F16E6A90C00EBA435 /* PagerViewController.h */ = {isa = PBXFileReference; fileEncoding = 4; lastKnownFileType = sourcecode.c.h; path = PagerViewController.h; sourceTree = "<group>"; };
		08089F3016E6A90C00EBA435 /* PagerViewController.m */ = {isa = PBXFileReference; fileEncoding = 4; lastKnownFileType = sourcecode.c.objc; path = PagerViewController.m; sourceTree = "<group>"; };
		084FCEB8172D9BAB0037CDA8 /* temp3.xml */ = {isa = PBXFileReference; fileEncoding = 4; lastKnownFileType = text.xml; path = temp3.xml; sourceTree = "<group>"; };
		0854942B170288830007566F /* Brsp.h */ = {isa = PBXFileReference; fileEncoding = 4; lastKnownFileType = sourcecode.c.h; path = Brsp.h; sourceTree = "<group>"; };
		0854942E170288830007566F /* ScanController.h */ = {isa = PBXFileReference; fileEncoding = 4; lastKnownFileType = sourcecode.c.h; path = ScanController.h; sourceTree = "<group>"; };
		0854942F170288830007566F /* ScanController.m */ = {isa = PBXFileReference; fileEncoding = 4; lastKnownFileType = sourcecode.c.objc; path = ScanController.m; sourceTree = "<group>"; };
		08549430170288830007566F /* SensorConfigViewController.h */ = {isa = PBXFileReference; fileEncoding = 4; lastKnownFileType = sourcecode.c.h; path = SensorConfigViewController.h; sourceTree = "<group>"; };
		08549431170288830007566F /* SensorConfigViewController.m */ = {isa = PBXFileReference; fileEncoding = 4; lastKnownFileType = sourcecode.c.objc; path = SensorConfigViewController.m; sourceTree = "<group>"; };
		0866AF9716F8E0760097F624 /* RealTimeBuilder.m */ = {isa = PBXFileReference; fileEncoding = 4; lastKnownFileType = sourcecode.c.objc; path = RealTimeBuilder.m; sourceTree = "<group>"; };
		086E780316F2428200EA221D /* GaugeViewController.h */ = {isa = PBXFileReference; fileEncoding = 4; lastKnownFileType = sourcecode.c.h; path = GaugeViewController.h; sourceTree = "<group>"; };
		086E780416F2428200EA221D /* GaugeViewController.m */ = {isa = PBXFileReference; fileEncoding = 4; lastKnownFileType = sourcecode.c.objc; path = GaugeViewController.m; sourceTree = "<group>"; };
		086E780A16F253D800EA221D /* CoreText.framework */ = {isa = PBXFileReference; lastKnownFileType = wrapper.framework; name = CoreText.framework; path = System/Library/Frameworks/CoreText.framework; sourceTree = SDKROOT; };
		0883F5AE172490880072D952 /* chart.js */ = {isa = PBXFileReference; fileEncoding = 4; lastKnownFileType = sourcecode.javascript; path = chart.js; sourceTree = "<group>"; };
		0883F5B017249C5A0072D952 /* jquery-2.0.0.min.js */ = {isa = PBXFileReference; fileEncoding = 4; lastKnownFileType = sourcecode.javascript; path = "jquery-2.0.0.min.js"; sourceTree = "<group>"; };
		0883F5B217249F640072D952 /* saveRun.xml */ = {isa = PBXFileReference; fileEncoding = 4; lastKnownFileType = text.xml; path = saveRun.xml; sourceTree = "<group>"; };
		088BA65017172E1B002F0831 /* GraphViewController.h */ = {isa = PBXFileReference; fileEncoding = 4; lastKnownFileType = sourcecode.c.h; path = GraphViewController.h; sourceTree = "<group>"; };
		088BA65117172E1B002F0831 /* GraphViewController.m */ = {isa = PBXFileReference; fileEncoding = 4; lastKnownFileType = sourcecode.c.objc; path = GraphViewController.m; sourceTree = "<group>"; };
		088BA65A17173AA6002F0831 /* index.html */ = {isa = PBXFileReference; fileEncoding = 4; lastKnownFileType = text.html; path = index.html; sourceTree = "<group>"; };
		089EC75F171DE1E1004A76EC /* circle_outline.png */ = {isa = PBXFileReference; lastKnownFileType = image.png; path = circle_outline.png; sourceTree = "<group>"; };
		089EC760171DE1E1004A76EC /* circle_outline@2x.png */ = {isa = PBXFileReference; lastKnownFileType = image.png; path = "circle_outline@2x.png"; sourceTree = "<group>"; };
		089EC761171DE1E1004A76EC /* circle_outline_pressed.png */ = {isa = PBXFileReference; lastKnownFileType = image.png; path = circle_outline_pressed.png; sourceTree = "<group>"; };
		089EC762171DE1E1004A76EC /* circle_outline_pressed@2x.png */ = {isa = PBXFileReference; lastKnownFileType = image.png; path = "circle_outline_pressed@2x.png"; sourceTree = "<group>"; };
		089EC763171DE1E1004A76EC /* circle_ridge.png */ = {isa = PBXFileReference; lastKnownFileType = image.png; path = circle_ridge.png; sourceTree = "<group>"; };
		089EC764171DE1E1004A76EC /* circle_ridge@2x.png */ = {isa = PBXFileReference; lastKnownFileType = image.png; path = "circle_ridge@2x.png"; sourceTree = "<group>"; };
		089EC765171DE1E1004A76EC /* circle_thumb.png */ = {isa = PBXFileReference; lastKnownFileType = image.png; path = circle_thumb.png; sourceTree = "<group>"; };
		089EC766171DE1E1004A76EC /* circle_thumb@2x.png */ = {isa = PBXFileReference; lastKnownFileType = image.png; path = "circle_thumb@2x.png"; sourceTree = "<group>"; };
		089EC767171DE1E1004A76EC /* graph_week.png */ = {isa = PBXFileReference; lastKnownFileType = image.png; path = graph_week.png; sourceTree = "<group>"; };
		089EC768171DE1E1004A76EC /* graph_week@2x.png */ = {isa = PBXFileReference; lastKnownFileType = image.png; path = "graph_week@2x.png"; sourceTree = "<group>"; };
		089EC769171DE1E1004A76EC /* graph_year.png */ = {isa = PBXFileReference; lastKnownFileType = image.png; path = graph_year.png; sourceTree = "<group>"; };
		089EC76A171DE1E1004A76EC /* graph_year@2x.png */ = {isa = PBXFileReference; lastKnownFileType = image.png; path = "graph_year@2x.png"; sourceTree = "<group>"; };
		089EC777171DE200004A76EC /* KDBarGraph.h */ = {isa = PBXFileReference; fileEncoding = 4; lastKnownFileType = sourcecode.c.h; path = KDBarGraph.h; sourceTree = "<group>"; };
		089EC778171DE200004A76EC /* KDBarGraph.m */ = {isa = PBXFileReference; fileEncoding = 4; lastKnownFileType = sourcecode.c.objc; path = KDBarGraph.m; sourceTree = "<group>"; };
		089EC779171DE200004A76EC /* KDGoalBar.h */ = {isa = PBXFileReference; fileEncoding = 4; lastKnownFileType = sourcecode.c.h; path = KDGoalBar.h; sourceTree = "<group>"; };
		089EC77A171DE200004A76EC /* KDGoalBar.m */ = {isa = PBXFileReference; fileEncoding = 4; lastKnownFileType = sourcecode.c.objc; path = KDGoalBar.m; sourceTree = "<group>"; };
		089EC77B171DE200004A76EC /* KDGoalBarPercentLayer.h */ = {isa = PBXFileReference; fileEncoding = 4; lastKnownFileType = sourcecode.c.h; path = KDGoalBarPercentLayer.h; sourceTree = "<group>"; };
		089EC77C171DE200004A76EC /* KDGoalBarPercentLayer.m */ = {isa = PBXFileReference; fileEncoding = 4; lastKnownFileType = sourcecode.c.objc; path = KDGoalBarPercentLayer.m; sourceTree = "<group>"; };
		089EC780171DE3F6004A76EC /* SoundPlayer.h */ = {isa = PBXFileReference; fileEncoding = 4; lastKnownFileType = sourcecode.c.h; path = SoundPlayer.h; sourceTree = "<group>"; };
		089EC781171DE3F6004A76EC /* SoundPlayer.m */ = {isa = PBXFileReference; fileEncoding = 4; lastKnownFileType = sourcecode.c.objc; path = SoundPlayer.m; sourceTree = "<group>"; };
		089EC783171DE526004A76EC /* AudioToolbox.framework */ = {isa = PBXFileReference; lastKnownFileType = wrapper.framework; name = AudioToolbox.framework; path = System/Library/Frameworks/AudioToolbox.framework; sourceTree = SDKROOT; };
		089FFEBF17034F800088D528 /* iPhone.storyboard */ = {isa = PBXFileReference; fileEncoding = 4; lastKnownFileType = file.storyboard; path = iPhone.storyboard; sourceTree = "<group>"; };
		089FFEC117034FB40088D528 /* CoreBluetooth.framework */ = {isa = PBXFileReference; lastKnownFileType = wrapper.framework; name = CoreBluetooth.framework; path = System/Library/Frameworks/CoreBluetooth.framework; sourceTree = SDKROOT; };
		08A2AF2016E69C6A00065D0C /* Default-568h@2x.png */ = {isa = PBXFileReference; lastKnownFileType = image.png; path = "Default-568h@2x.png"; sourceTree = "<group>"; };
		08E4538E1720728E00F8CA6A /* circle_outline_120.png */ = {isa = PBXFileReference; lastKnownFileType = image.png; path = circle_outline_120.png; sourceTree = "<group>"; };
		08E45390172084F200F8CA6A /* circle_outline_pressed_120.png */ = {isa = PBXFileReference; lastKnownFileType = image.png; path = circle_outline_pressed_120.png; sourceTree = "<group>"; };
		08F7E30E1729AC4100A1F761 /* temp.xml */ = {isa = PBXFileReference; fileEncoding = 4; lastKnownFileType = text.xml; path = temp.xml; sourceTree = "<group>"; };
		08F7E3101729E2CC00A1F761 /* temp2.xml */ = {isa = PBXFileReference; fileEncoding = 4; lastKnownFileType = text.xml; path = temp2.xml; sourceTree = "<group>"; };
		27498DCC14E96C75005C043E /* NavigationTopViewController.h */ = {isa = PBXFileReference; fileEncoding = 4; lastKnownFileType = sourcecode.c.h; path = NavigationTopViewController.h; sourceTree = "<group>"; };
		27498DCD14E96C75005C043E /* NavigationTopViewController.m */ = {isa = PBXFileReference; fileEncoding = 4; lastKnownFileType = sourcecode.c.objc; path = NavigationTopViewController.m; sourceTree = "<group>"; };
		27498DD314E96EEF005C043E /* SampleTableViewController.h */ = {isa = PBXFileReference; fileEncoding = 4; lastKnownFileType = sourcecode.c.h; path = SampleTableViewController.h; sourceTree = "<group>"; };
		27498DD414E96EEF005C043E /* SampleTableViewController.m */ = {isa = PBXFileReference; fileEncoding = 4; lastKnownFileType = sourcecode.c.objc; path = SampleTableViewController.m; sourceTree = "<group>"; };
		2750E76C14CDB0DF007727A0 /* AVALANCHE.app */ = {isa = PBXFileReference; explicitFileType = wrapper.application; includeInIndex = 0; path = AVALANCHE.app; sourceTree = BUILT_PRODUCTS_DIR; };
		2750E77014CDB0DF007727A0 /* UIKit.framework */ = {isa = PBXFileReference; lastKnownFileType = wrapper.framework; name = UIKit.framework; path = System/Library/Frameworks/UIKit.framework; sourceTree = SDKROOT; };
		2750E77214CDB0DF007727A0 /* Foundation.framework */ = {isa = PBXFileReference; lastKnownFileType = wrapper.framework; name = Foundation.framework; path = System/Library/Frameworks/Foundation.framework; sourceTree = SDKROOT; };
		2750E77414CDB0DF007727A0 /* CoreGraphics.framework */ = {isa = PBXFileReference; lastKnownFileType = wrapper.framework; name = CoreGraphics.framework; path = System/Library/Frameworks/CoreGraphics.framework; sourceTree = SDKROOT; };
		2750E77814CDB0DF007727A0 /* AVALANCHE-Info.plist */ = {isa = PBXFileReference; lastKnownFileType = text.plist.xml; path = "AVALANCHE-Info.plist"; sourceTree = "<group>"; };
		2750E77A14CDB0DF007727A0 /* en */ = {isa = PBXFileReference; lastKnownFileType = text.plist.strings; name = en; path = en.lproj/InfoPlist.strings; sourceTree = "<group>"; };
		2750E77C14CDB0DF007727A0 /* main.m */ = {isa = PBXFileReference; lastKnownFileType = sourcecode.c.objc; path = main.m; sourceTree = "<group>"; };
		2750E77E14CDB0DF007727A0 /* AVALANCHE-Prefix.pch */ = {isa = PBXFileReference; lastKnownFileType = sourcecode.c.h; path = "AVALANCHE-Prefix.pch"; sourceTree = "<group>"; };
		2750E77F14CDB0DF007727A0 /* AppDelegate.h */ = {isa = PBXFileReference; lastKnownFileType = sourcecode.c.h; path = AppDelegate.h; sourceTree = "<group>"; };
		2750E78014CDB0DF007727A0 /* AppDelegate.m */ = {isa = PBXFileReference; lastKnownFileType = sourcecode.c.objc; path = AppDelegate.m; sourceTree = "<group>"; };
		2750E79214CDB93A007727A0 /* MenuViewController.h */ = {isa = PBXFileReference; fileEncoding = 4; lastKnownFileType = sourcecode.c.h; path = MenuViewController.h; sourceTree = "<group>"; };
		2750E79314CDB93A007727A0 /* MenuViewController.m */ = {isa = PBXFileReference; fileEncoding = 4; lastKnownFileType = sourcecode.c.objc; path = MenuViewController.m; sourceTree = "<group>"; };
		2750E79514CDB959007727A0 /* FirstTopViewController.h */ = {isa = PBXFileReference; fileEncoding = 4; lastKnownFileType = sourcecode.c.h; path = FirstTopViewController.h; sourceTree = "<group>"; };
		2750E79614CDB959007727A0 /* FirstTopViewController.m */ = {isa = PBXFileReference; fileEncoding = 4; lastKnownFileType = sourcecode.c.objc; path = FirstTopViewController.m; sourceTree = "<group>"; };
		2750E79814CDB99A007727A0 /* SecondTopViewController.h */ = {isa = PBXFileReference; fileEncoding = 4; lastKnownFileType = sourcecode.c.h; path = SecondTopViewController.h; sourceTree = "<group>"; };
		2750E79914CDB99A007727A0 /* SecondTopViewController.m */ = {isa = PBXFileReference; fileEncoding = 4; lastKnownFileType = sourcecode.c.objc; path = SecondTopViewController.m; sourceTree = "<group>"; };
		2750E79B14CDBA48007727A0 /* ThirdTopViewController.h */ = {isa = PBXFileReference; fileEncoding = 4; lastKnownFileType = sourcecode.c.h; path = ThirdTopViewController.h; sourceTree = "<group>"; };
		2750E79C14CDBA48007727A0 /* ThirdTopViewController.m */ = {isa = PBXFileReference; fileEncoding = 4; lastKnownFileType = sourcecode.c.objc; path = ThirdTopViewController.m; sourceTree = "<group>"; };
		2750E7AA14CF1306007727A0 /* ECSlidingViewController.h */ = {isa = PBXFileReference; fileEncoding = 4; lastKnownFileType = sourcecode.c.h; path = ECSlidingViewController.h; sourceTree = "<group>"; };
		2750E7AB14CF1306007727A0 /* ECSlidingViewController.m */ = {isa = PBXFileReference; fileEncoding = 4; lastKnownFileType = sourcecode.c.objc; path = ECSlidingViewController.m; sourceTree = "<group>"; };
		2750E7AD14CF1306007727A0 /* UIImage+ImageWithUIView.m */ = {isa = PBXFileReference; fileEncoding = 4; lastKnownFileType = sourcecode.c.objc; path = "UIImage+ImageWithUIView.m"; sourceTree = "<group>"; };
		279E158D14D737F60028A9EE /* UIImage+ImageWithUIView.h */ = {isa = PBXFileReference; fileEncoding = 4; lastKnownFileType = sourcecode.c.h; path = "UIImage+ImageWithUIView.h"; sourceTree = "<group>"; };
		27FC94DE14D0C14E0000B18C /* InitialSlidingViewController.h */ = {isa = PBXFileReference; fileEncoding = 4; lastKnownFileType = sourcecode.c.h; path = InitialSlidingViewController.h; sourceTree = "<group>"; };
		27FC94DF14D0C14E0000B18C /* InitialSlidingViewController.m */ = {isa = PBXFileReference; fileEncoding = 4; lastKnownFileType = sourcecode.c.objc; path = InitialSlidingViewController.m; sourceTree = "<group>"; };
		27FC94E214D105C60000B18C /* QuartzCore.framework */ = {isa = PBXFileReference; lastKnownFileType = wrapper.framework; name = QuartzCore.framework; path = System/Library/Frameworks/QuartzCore.framework; sourceTree = SDKROOT; };
		7428C44D1704CCBB0013A04E /* SensorTableController.h */ = {isa = PBXFileReference; fileEncoding = 4; lastKnownFileType = sourcecode.c.h; path = SensorTableController.h; sourceTree = "<group>"; };
		7428C44E1704CCBC0013A04E /* SensorTableController.m */ = {isa = PBXFileReference; fileEncoding = 4; lastKnownFileType = sourcecode.c.objc; path = SensorTableController.m; sourceTree = "<group>"; };
		7428C46B170A11890013A04E /* AddSensorController.h */ = {isa = PBXFileReference; fileEncoding = 4; lastKnownFileType = sourcecode.c.h; path = AddSensorController.h; sourceTree = "<group>"; };
		7428C46E170A26DA0013A04E /* Icon.png */ = {isa = PBXFileReference; lastKnownFileType = image.png; path = Icon.png; sourceTree = "<group>"; };
		7428C470170A26E70013A04E /* Icon@2x.png */ = {isa = PBXFileReference; lastKnownFileType = image.png; path = "Icon@2x.png"; sourceTree = "<group>"; };
		7428C472170B8D150013A04E /* AddSensorController.m */ = {isa = PBXFileReference; fileEncoding = 4; lastKnownFileType = sourcecode.c.objc; path = AddSensorController.m; sourceTree = "<group>"; };
		7428C477170BA2FF0013A04E /* CFNetwork.framework */ = {isa = PBXFileReference; lastKnownFileType = wrapper.framework; name = CFNetwork.framework; path = System/Library/Frameworks/CFNetwork.framework; sourceTree = SDKROOT; };
		742C43F8172733600013AB46 /* brsp_device1_0_1.a */ = {isa = PBXFileReference; lastKnownFileType = archive.ar; name = brsp_device1_0_1.a; path = ECSlidingViewController/brsp_device1_0_1.a; sourceTree = "<group>"; };
		742C43F9172733610013AB46 /* brsp_simulator1_0_1.a */ = {isa = PBXFileReference; lastKnownFileType = archive.ar; name = brsp_simulator1_0_1.a; path = ECSlidingViewController/brsp_simulator1_0_1.a; sourceTree = "<group>"; };
		742C43FC17299D3F0013AB46 /* GaugeDisplayModel.h */ = {isa = PBXFileReference; fileEncoding = 4; lastKnownFileType = sourcecode.c.h; path = GaugeDisplayModel.h; sourceTree = "<group>"; };
		742C43FD17299D400013AB46 /* GaugeDisplayModel.m */ = {isa = PBXFileReference; fileEncoding = 4; lastKnownFileType = sourcecode.c.objc; path = GaugeDisplayModel.m; sourceTree = "<group>"; };
		742C43FF172C30C60013AB46 /* ServerRunsController.h */ = {isa = PBXFileReference; fileEncoding = 4; lastKnownFileType = sourcecode.c.h; path = ServerRunsController.h; sourceTree = "<group>"; };
		742C4400172C30C60013AB46 /* ServerRunsController.m */ = {isa = PBXFileReference; fileEncoding = 4; lastKnownFileType = sourcecode.c.objc; path = ServerRunsController.m; sourceTree = "<group>"; };
		744F50A6172CB6630094D40E /* UploadRunsController.h */ = {isa = PBXFileReference; fileEncoding = 4; lastKnownFileType = sourcecode.c.h; path = UploadRunsController.h; sourceTree = "<group>"; };
		744F50A7172CB6630094D40E /* UploadRunsController.m */ = {isa = PBXFileReference; fileEncoding = 4; lastKnownFileType = sourcecode.c.objc; path = UploadRunsController.m; sourceTree = "<group>"; };
		746178DE16EBCDF70007FE56 /* ConfigurationModelMap.h */ = {isa = PBXFileReference; fileEncoding = 4; lastKnownFileType = sourcecode.c.h; path = ConfigurationModelMap.h; sourceTree = "<group>"; };
		746178DF16EBCDF70007FE56 /* ConfigurationModelMap.m */ = {isa = PBXFileReference; fileEncoding = 4; lastKnownFileType = sourcecode.c.objc; path = ConfigurationModelMap.m; sourceTree = "<group>"; };
		746178E016EBCDF70007FE56 /* RealTimeBuilder.h */ = {isa = PBXFileReference; fileEncoding = 4; lastKnownFileType = sourcecode.c.h; path = RealTimeBuilder.h; sourceTree = "<group>"; };
		746178E216EBCDF70007FE56 /* SensorAggregateModel.h */ = {isa = PBXFileReference; fileEncoding = 4; lastKnownFileType = sourcecode.c.h; path = SensorAggregateModel.h; sourceTree = "<group>"; };
		746178E316EBCDF70007FE56 /* SensorAggregateModel.m */ = {isa = PBXFileReference; fileEncoding = 4; lastKnownFileType = sourcecode.c.objc; path = SensorAggregateModel.m; sourceTree = "<group>"; };
		746178E416EBCDF70007FE56 /* SensorSnapshotModel.h */ = {isa = PBXFileReference; fileEncoding = 4; lastKnownFileType = sourcecode.c.h; path = SensorSnapshotModel.h; sourceTree = "<group>"; };
		746178E516EBCDF80007FE56 /* SensorSnapshotModel.m */ = {isa = PBXFileReference; fileEncoding = 4; lastKnownFileType = sourcecode.c.objc; path = SensorSnapshotModel.m; sourceTree = "<group>"; };
		746178EB16EBCFC00007FE56 /* GaugeModel.h */ = {isa = PBXFileReference; fileEncoding = 4; lastKnownFileType = sourcecode.c.h; path = GaugeModel.h; sourceTree = "<group>"; };
		746178EC16EBCFC00007FE56 /* GaugeModel.m */ = {isa = PBXFileReference; fileEncoding = 4; lastKnownFileType = sourcecode.c.objc; path = GaugeModel.m; sourceTree = "<group>"; };
		746178EE16EBE5710007FE56 /* ConfigurationModel.h */ = {isa = PBXFileReference; fileEncoding = 4; lastKnownFileType = sourcecode.c.h; path = ConfigurationModel.h; sourceTree = "<group>"; };
		746178EF16EBE5720007FE56 /* ConfigurationModel.m */ = {isa = PBXFileReference; fileEncoding = 4; lastKnownFileType = sourcecode.c.objc; path = ConfigurationModel.m; sourceTree = "<group>"; };
		748D49741721AA3900407F32 /* RunModel.h */ = {isa = PBXFileReference; fileEncoding = 4; lastKnownFileType = sourcecode.c.h; path = RunModel.h; sourceTree = "<group>"; };
		748D49751721AA3900407F32 /* RunModel.m */ = {isa = PBXFileReference; fileEncoding = 4; lastKnownFileType = sourcecode.c.objc; path = RunModel.m; sourceTree = "<group>"; };
		748D49781724910000407F32 /* UserModel.h */ = {isa = PBXFileReference; fileEncoding = 4; lastKnownFileType = sourcecode.c.h; path = UserModel.h; sourceTree = "<group>"; };
		748D49791724910000407F32 /* UserModel.m */ = {isa = PBXFileReference; fileEncoding = 4; lastKnownFileType = sourcecode.c.objc; path = UserModel.m; sourceTree = "<group>"; };
		748D497B17249BF400407F32 /* UserConfigController.h */ = {isa = PBXFileReference; fileEncoding = 4; lastKnownFileType = sourcecode.c.h; path = UserConfigController.h; sourceTree = "<group>"; };
		748D497C17249BF400407F32 /* UserConfigController.m */ = {isa = PBXFileReference; fileEncoding = 4; lastKnownFileType = sourcecode.c.objc; path = UserConfigController.m; sourceTree = "<group>"; };
		748D499E1724AF4C00407F32 /* SystemConfiguration.framework */ = {isa = PBXFileReference; lastKnownFileType = wrapper.framework; name = SystemConfiguration.framework; path = System/Library/Frameworks/SystemConfiguration.framework; sourceTree = SDKROOT; };
		748D49A01724AF5800407F32 /* MobileCoreServices.framework */ = {isa = PBXFileReference; lastKnownFileType = wrapper.framework; name = MobileCoreServices.framework; path = System/Library/Frameworks/MobileCoreServices.framework; sourceTree = SDKROOT; };
		748D49A21724AF6A00407F32 /* libz.dylib */ = {isa = PBXFileReference; lastKnownFileType = "compiled.mach-o.dylib"; name = libz.dylib; path = usr/lib/libz.dylib; sourceTree = SDKROOT; };
		748D49AC1724B48300407F32 /* ASIHTTPRequest-Prefix.pch */ = {isa = PBXFileReference; lastKnownFileType = sourcecode.c.h; path = "ASIHTTPRequest-Prefix.pch"; sourceTree = "<group>"; };
		748D49B71724B48300407F32 /* SenTestingKit.framework */ = {isa = PBXFileReference; lastKnownFileType = wrapper.framework; name = SenTestingKit.framework; path = Library/Frameworks/SenTestingKit.framework; sourceTree = DEVELOPER_DIR; };
		748D4A831724BADF00407F32 /* libASIHTTPRequest.a */ = {isa = PBXFileReference; lastKnownFileType = archive.ar; name = libASIHTTPRequest.a; path = ECSlidingViewController/libASIHTTPRequest.a; sourceTree = "<group>"; };
		748D4A841724BAE000407F32 /* libASIHTTPRequestsim.a */ = {isa = PBXFileReference; lastKnownFileType = archive.ar; name = libASIHTTPRequestsim.a; path = ECSlidingViewController/libASIHTTPRequestsim.a; sourceTree = "<group>"; };
		748D4A871725D06500407F32 /* ServerConfigController.h */ = {isa = PBXFileReference; fileEncoding = 4; lastKnownFileType = sourcecode.c.h; path = ServerConfigController.h; sourceTree = "<group>"; };
		748D4A881725D06500407F32 /* ServerConfigController.m */ = {isa = PBXFileReference; fileEncoding = 4; lastKnownFileType = sourcecode.c.objc; path = ServerConfigController.m; sourceTree = "<group>"; };
		748D4A8B1725D16200407F32 /* NetworkConfigModel.h */ = {isa = PBXFileReference; fileEncoding = 4; lastKnownFileType = sourcecode.c.h; path = NetworkConfigModel.h; sourceTree = "<group>"; };
		748D4A8C1725D16200407F32 /* NetworkConfigModel.m */ = {isa = PBXFileReference; fileEncoding = 4; lastKnownFileType = sourcecode.c.objc; path = NetworkConfigModel.m; sourceTree = "<group>"; };
		749F7165172D8DFD00CD6F3B /* ASIAuthenticationDialog.h */ = {isa = PBXFileReference; fileEncoding = 4; lastKnownFileType = sourcecode.c.h; name = ASIAuthenticationDialog.h; path = ECSlidingViewController/ASIAuthenticationDialog.h; sourceTree = SOURCE_ROOT; };
		749F7166172D8DFD00CD6F3B /* ASICacheDelegate.h */ = {isa = PBXFileReference; fileEncoding = 4; lastKnownFileType = sourcecode.c.h; name = ASICacheDelegate.h; path = ECSlidingViewController/ASICacheDelegate.h; sourceTree = SOURCE_ROOT; };
		749F7167172D8DFD00CD6F3B /* ASIDataCompressor.h */ = {isa = PBXFileReference; fileEncoding = 4; lastKnownFileType = sourcecode.c.h; name = ASIDataCompressor.h; path = ECSlidingViewController/ASIDataCompressor.h; sourceTree = SOURCE_ROOT; };
		749F7168172D8DFD00CD6F3B /* ASIDataDecompressor.h */ = {isa = PBXFileReference; fileEncoding = 4; lastKnownFileType = sourcecode.c.h; name = ASIDataDecompressor.h; path = ECSlidingViewController/ASIDataDecompressor.h; sourceTree = SOURCE_ROOT; };
		749F7169172D8DFD00CD6F3B /* ASIDownloadCache.h */ = {isa = PBXFileReference; fileEncoding = 4; lastKnownFileType = sourcecode.c.h; name = ASIDownloadCache.h; path = ECSlidingViewController/ASIDownloadCache.h; sourceTree = SOURCE_ROOT; };
		749F716A172D8DFD00CD6F3B /* ASIFormDataRequest.h */ = {isa = PBXFileReference; fileEncoding = 4; lastKnownFileType = sourcecode.c.h; name = ASIFormDataRequest.h; path = ECSlidingViewController/ASIFormDataRequest.h; sourceTree = SOURCE_ROOT; };
		749F716B172D8DFD00CD6F3B /* ASIHTTPRequest.h */ = {isa = PBXFileReference; fileEncoding = 4; lastKnownFileType = sourcecode.c.h; name = ASIHTTPRequest.h; path = ECSlidingViewController/ASIHTTPRequest.h; sourceTree = SOURCE_ROOT; };
		749F716C172D8DFD00CD6F3B /* ASIHTTPRequestConfig.h */ = {isa = PBXFileReference; fileEncoding = 4; lastKnownFileType = sourcecode.c.h; name = ASIHTTPRequestConfig.h; path = ECSlidingViewController/ASIHTTPRequestConfig.h; sourceTree = SOURCE_ROOT; };
		749F716D172D8DFD00CD6F3B /* ASIHTTPRequestDelegate.h */ = {isa = PBXFileReference; fileEncoding = 4; lastKnownFileType = sourcecode.c.h; name = ASIHTTPRequestDelegate.h; path = ECSlidingViewController/ASIHTTPRequestDelegate.h; sourceTree = SOURCE_ROOT; };
		749F716E172D8DFD00CD6F3B /* ASIInputStream.h */ = {isa = PBXFileReference; fileEncoding = 4; lastKnownFileType = sourcecode.c.h; name = ASIInputStream.h; path = ECSlidingViewController/ASIInputStream.h; sourceTree = SOURCE_ROOT; };
		749F716F172D8DFD00CD6F3B /* ASINetworkQueue.h */ = {isa = PBXFileReference; fileEncoding = 4; lastKnownFileType = sourcecode.c.h; name = ASINetworkQueue.h; path = ECSlidingViewController/ASINetworkQueue.h; sourceTree = SOURCE_ROOT; };
		749F7170172D8DFD00CD6F3B /* ASIProgressDelegate.h */ = {isa = PBXFileReference; fileEncoding = 4; lastKnownFileType = sourcecode.c.h; name = ASIProgressDelegate.h; path = ECSlidingViewController/ASIProgressDelegate.h; sourceTree = SOURCE_ROOT; };
		749F7171172D8DFD00CD6F3B /* Reachability.h */ = {isa = PBXFileReference; fileEncoding = 4; lastKnownFileType = sourcecode.c.h; name = Reachability.h; path = ECSlidingViewController/Reachability.h; sourceTree = SOURCE_ROOT; };
		749F7172172DB42F00CD6F3B /* SensorSelectController.h */ = {isa = PBXFileReference; fileEncoding = 4; lastKnownFileType = sourcecode.c.h; path = SensorSelectController.h; sourceTree = "<group>"; };
		749F7173172DB42F00CD6F3B /* SensorSelectController.m */ = {isa = PBXFileReference; fileEncoding = 4; lastKnownFileType = sourcecode.c.objc; path = SensorSelectController.m; sourceTree = "<group>"; };
		749FE1F317184DC1005511D7 /* RunListModel.h */ = {isa = PBXFileReference; fileEncoding = 4; lastKnownFileType = sourcecode.c.h; path = RunListModel.h; sourceTree = "<group>"; };
		749FE1F417184DC1005511D7 /* RunListModel.m */ = {isa = PBXFileReference; fileEncoding = 4; lastKnownFileType = sourcecode.c.objc; path = RunListModel.m; sourceTree = "<group>"; };
		749FE1F9171DD0AF005511D7 /* RunSelectController.h */ = {isa = PBXFileReference; fileEncoding = 4; lastKnownFileType = sourcecode.c.h; path = RunSelectController.h; sourceTree = "<group>"; };
		749FE1FA171DD0AF005511D7 /* RunSelectController.m */ = {isa = PBXFileReference; fileEncoding = 4; lastKnownFileType = sourcecode.c.objc; path = RunSelectController.m; sourceTree = "<group>"; };
		74D85A0F170F24B90059B791 /* BLEGaugeAlarmService.h */ = {isa = PBXFileReference; fileEncoding = 4; lastKnownFileType = sourcecode.c.h; path = BLEGaugeAlarmService.h; sourceTree = "<group>"; };
		74D85A10170F24B90059B791 /* BLEGaugeAlarmService.m */ = {isa = PBXFileReference; fileEncoding = 4; lastKnownFileType = sourcecode.c.objc; path = BLEGaugeAlarmService.m; sourceTree = "<group>"; };
/* End PBXFileReference section */

/* Begin PBXFrameworksBuildPhase section */
		2750E76914CDB0DF007727A0 /* Frameworks */ = {
			isa = PBXFrameworksBuildPhase;
			buildActionMask = 2147483647;
			files = (
				742C43FA172733610013AB46 /* brsp_device1_0_1.a in Frameworks */,
				742C43FB172733610013AB46 /* brsp_simulator1_0_1.a in Frameworks */,
				748D4A851724BAE000407F32 /* libASIHTTPRequest.a in Frameworks */,
				748D4A861724BAE000407F32 /* libASIHTTPRequestsim.a in Frameworks */,
				748D49A31724AF6A00407F32 /* libz.dylib in Frameworks */,
				748D49A11724AF5900407F32 /* MobileCoreServices.framework in Frameworks */,
				748D499F1724AF4C00407F32 /* SystemConfiguration.framework in Frameworks */,
				089EC784171DE526004A76EC /* AudioToolbox.framework in Frameworks */,
				27FC94E314D105C60000B18C /* QuartzCore.framework in Frameworks */,
				2750E77114CDB0DF007727A0 /* UIKit.framework in Frameworks */,
				2750E77314CDB0DF007727A0 /* Foundation.framework in Frameworks */,
				089FFEC217034FB40088D528 /* CoreBluetooth.framework in Frameworks */,
				2750E77514CDB0DF007727A0 /* CoreGraphics.framework in Frameworks */,
				086E780B16F253D800EA221D /* CoreText.framework in Frameworks */,
				7428C478170BA2FF0013A04E /* CFNetwork.framework in Frameworks */,
			);
			runOnlyForDeploymentPostprocessing = 0;
		};
/* End PBXFrameworksBuildPhase section */

/* Begin PBXGroup section */
		088BA65317172F46002F0831 /* public_html */ = {
			isa = PBXGroup;
			children = (
				084FCEB8172D9BAB0037CDA8 /* temp3.xml */,
				08F7E3101729E2CC00A1F761 /* temp2.xml */,
				08F7E30E1729AC4100A1F761 /* temp.xml */,
				0883F5B217249F640072D952 /* saveRun.xml */,
				0883F5B017249C5A0072D952 /* jquery-2.0.0.min.js */,
				0883F5AE172490880072D952 /* chart.js */,
				0808054617174454007D6996 /* d3.min.js */,
				080805441717430A007D6996 /* data.tsv */,
				088BA65A17173AA6002F0831 /* index.html */,
			);
			name = public_html;
			sourceTree = "<group>";
		};
		089EC75C171DE1B3004A76EC /* Sound */ = {
			isa = PBXGroup;
			children = (
				089EC780171DE3F6004A76EC /* SoundPlayer.h */,
				089EC781171DE3F6004A76EC /* SoundPlayer.m */,
			);
			name = Sound;
			sourceTree = "<group>";
		};
		089EC75D171DE1C1004A76EC /* KDCustom */ = {
			isa = PBXGroup;
			children = (
				089EC777171DE200004A76EC /* KDBarGraph.h */,
				089EC778171DE200004A76EC /* KDBarGraph.m */,
				089EC779171DE200004A76EC /* KDGoalBar.h */,
				089EC77A171DE200004A76EC /* KDGoalBar.m */,
				089EC77B171DE200004A76EC /* KDGoalBarPercentLayer.h */,
				089EC77C171DE200004A76EC /* KDGoalBarPercentLayer.m */,
				089EC75E171DE1D2004A76EC /* images */,
			);
			name = KDCustom;
			sourceTree = "<group>";
		};
		089EC75E171DE1D2004A76EC /* images */ = {
			isa = PBXGroup;
			children = (
				08E4538E1720728E00F8CA6A /* circle_outline_120.png */,
				08E45390172084F200F8CA6A /* circle_outline_pressed_120.png */,
				089EC75F171DE1E1004A76EC /* circle_outline.png */,
				089EC760171DE1E1004A76EC /* circle_outline@2x.png */,
				089EC761171DE1E1004A76EC /* circle_outline_pressed.png */,
				089EC762171DE1E1004A76EC /* circle_outline_pressed@2x.png */,
				089EC763171DE1E1004A76EC /* circle_ridge.png */,
				089EC764171DE1E1004A76EC /* circle_ridge@2x.png */,
				089EC765171DE1E1004A76EC /* circle_thumb.png */,
				089EC766171DE1E1004A76EC /* circle_thumb@2x.png */,
				089EC767171DE1E1004A76EC /* graph_week.png */,
				089EC768171DE1E1004A76EC /* graph_week@2x.png */,
				089EC769171DE1E1004A76EC /* graph_year.png */,
				089EC76A171DE1E1004A76EC /* graph_year@2x.png */,
			);
			name = images;
			sourceTree = "<group>";
		};
		2750E76114CDB0DF007727A0 = {
			isa = PBXGroup;
			children = (
				7428C470170A26E70013A04E /* Icon@2x.png */,
				7428C46E170A26DA0013A04E /* Icon.png */,
				08A2AF2016E69C6A00065D0C /* Default-568h@2x.png */,
				2750E77614CDB0DF007727A0 /* ECSlidingViewController */,
				748D49AA1724B48200407F32 /* ASIHTTPRequest */,
				2750E76F14CDB0DF007727A0 /* Frameworks */,
				2750E76D14CDB0DF007727A0 /* Products */,
			);
			sourceTree = "<group>";
		};
		2750E76D14CDB0DF007727A0 /* Products */ = {
			isa = PBXGroup;
			children = (
				2750E76C14CDB0DF007727A0 /* AVALANCHE.app */,
			);
			name = Products;
			sourceTree = "<group>";
		};
		2750E76F14CDB0DF007727A0 /* Frameworks */ = {
			isa = PBXGroup;
			children = (
				742C43F8172733600013AB46 /* brsp_device1_0_1.a */,
				742C43F9172733610013AB46 /* brsp_simulator1_0_1.a */,
				748D4A831724BADF00407F32 /* libASIHTTPRequest.a */,
				748D4A841724BAE000407F32 /* libASIHTTPRequestsim.a */,
				748D49A21724AF6A00407F32 /* libz.dylib */,
				748D49A01724AF5800407F32 /* MobileCoreServices.framework */,
				748D499E1724AF4C00407F32 /* SystemConfiguration.framework */,
				089EC783171DE526004A76EC /* AudioToolbox.framework */,
				7428C477170BA2FF0013A04E /* CFNetwork.framework */,
				089FFEC117034FB40088D528 /* CoreBluetooth.framework */,
				086E780A16F253D800EA221D /* CoreText.framework */,
				2750E77414CDB0DF007727A0 /* CoreGraphics.framework */,
				2750E77214CDB0DF007727A0 /* Foundation.framework */,
				27FC94E214D105C60000B18C /* QuartzCore.framework */,
				2750E77014CDB0DF007727A0 /* UIKit.framework */,
				748D49B71724B48300407F32 /* SenTestingKit.framework */,
			);
			name = Frameworks;
			sourceTree = "<group>";
		};
		2750E77614CDB0DF007727A0 /* ECSlidingViewController */ = {
			isa = PBXGroup;
			children = (
				746178EA16EBCE0E0007FE56 /* Models */,
				2750E78A14CDB1CF007727A0 /* Controllers */,
				2750E78914CDB1C7007727A0 /* Vendor */,
				2750E77F14CDB0DF007727A0 /* AppDelegate.h */,
				2750E78014CDB0DF007727A0 /* AppDelegate.m */,
				0854942B170288830007566F /* Brsp.h */,
				2750E77714CDB0DF007727A0 /* Supporting Files */,
				089FFEBF17034F800088D528 /* iPhone.storyboard */,
			);
			path = ECSlidingViewController;
			sourceTree = "<group>";
		};
		2750E77714CDB0DF007727A0 /* Supporting Files */ = {
			isa = PBXGroup;
			children = (
				2750E77814CDB0DF007727A0 /* AVALANCHE-Info.plist */,
				2750E77914CDB0DF007727A0 /* InfoPlist.strings */,
				2750E77C14CDB0DF007727A0 /* main.m */,
				2750E77E14CDB0DF007727A0 /* AVALANCHE-Prefix.pch */,
			);
			name = "Supporting Files";
			sourceTree = "<group>";
		};
		2750E78914CDB1C7007727A0 /* Vendor */ = {
			isa = PBXGroup;
			children = (
				2750E7A914CF1306007727A0 /* ECSlidingViewController */,
			);
			name = Vendor;
			sourceTree = "<group>";
		};
		2750E78A14CDB1CF007727A0 /* Controllers */ = {
			isa = PBXGroup;
			children = (
				74308127171092BE00FEBEB8 /* Networking */,
				74D650E21704B91400E58615 /* Configurations */,
				74D85A12170F26500059B791 /* Navigation */,
				74D650E41704B93900E58615 /* Post */,
				74D650E31704B93100E58615 /* Real Time */,
			);
			name = Controllers;
			sourceTree = "<group>";
		};
		2750E7A914CF1306007727A0 /* ECSlidingViewController */ = {
			isa = PBXGroup;
			children = (
				2750E7AA14CF1306007727A0 /* ECSlidingViewController.h */,
				2750E7AB14CF1306007727A0 /* ECSlidingViewController.m */,
				279E158D14D737F60028A9EE /* UIImage+ImageWithUIView.h */,
				2750E7AD14CF1306007727A0 /* UIImage+ImageWithUIView.m */,
			);
			name = ECSlidingViewController;
			path = Vendor/ECSlidingViewController;
			sourceTree = "<group>";
		};
		74308127171092BE00FEBEB8 /* Networking */ = {
			isa = PBXGroup;
			children = (
				748D4A871725D06500407F32 /* ServerConfigController.h */,
				748D4A881725D06500407F32 /* ServerConfigController.m */,
				742C43FF172C30C60013AB46 /* ServerRunsController.h */,
				742C4400172C30C60013AB46 /* ServerRunsController.m */,
				744F50A6172CB6630094D40E /* UploadRunsController.h */,
				744F50A7172CB6630094D40E /* UploadRunsController.m */,
			);
			name = Networking;
			sourceTree = "<group>";
		};
		746178EA16EBCE0E0007FE56 /* Models */ = {
			isa = PBXGroup;
			children = (
				748D4A8A1725D11A00407F32 /* Networking */,
				74D85A0E170F24A50059B791 /* Sync */,
				746178F316EBE6E50007FE56 /* Configuration */,
				746178F216EBE6DD0007FE56 /* Post */,
				746178F116EBE6CA0007FE56 /* Real Time */,
			);
			name = Models;
			sourceTree = "<group>";
		};
		746178F116EBE6CA0007FE56 /* Real Time */ = {
			isa = PBXGroup;
			children = (
				746178EB16EBCFC00007FE56 /* GaugeModel.h */,
				746178EC16EBCFC00007FE56 /* GaugeModel.m */,
				746178E016EBCDF70007FE56 /* RealTimeBuilder.h */,
				0866AF9716F8E0760097F624 /* RealTimeBuilder.m */,
				746178E216EBCDF70007FE56 /* SensorAggregateModel.h */,
				746178E316EBCDF70007FE56 /* SensorAggregateModel.m */,
				746178E416EBCDF70007FE56 /* SensorSnapshotModel.h */,
				746178E516EBCDF80007FE56 /* SensorSnapshotModel.m */,
				742C43FC17299D3F0013AB46 /* GaugeDisplayModel.h */,
				742C43FD17299D400013AB46 /* GaugeDisplayModel.m */,
			);
			name = "Real Time";
			sourceTree = "<group>";
		};
		746178F216EBE6DD0007FE56 /* Post */ = {
			isa = PBXGroup;
			children = (
				748D49741721AA3900407F32 /* RunModel.h */,
				748D49751721AA3900407F32 /* RunModel.m */,
				749FE1F317184DC1005511D7 /* RunListModel.h */,
				749FE1F417184DC1005511D7 /* RunListModel.m */,
			);
			name = Post;
			sourceTree = "<group>";
		};
		746178F316EBE6E50007FE56 /* Configuration */ = {
			isa = PBXGroup;
			children = (
				746178DE16EBCDF70007FE56 /* ConfigurationModelMap.h */,
				746178DF16EBCDF70007FE56 /* ConfigurationModelMap.m */,
				746178EE16EBE5710007FE56 /* ConfigurationModel.h */,
				746178EF16EBE5720007FE56 /* ConfigurationModel.m */,
				748D49781724910000407F32 /* UserModel.h */,
				748D49791724910000407F32 /* UserModel.m */,
			);
			name = Configuration;
			sourceTree = "<group>";
		};
		748D49AA1724B48200407F32 /* ASIHTTPRequest */ = {
			isa = PBXGroup;
			children = (
				749F7165172D8DFD00CD6F3B /* ASIAuthenticationDialog.h */,
				749F7166172D8DFD00CD6F3B /* ASICacheDelegate.h */,
				749F7167172D8DFD00CD6F3B /* ASIDataCompressor.h */,
				749F7168172D8DFD00CD6F3B /* ASIDataDecompressor.h */,
				749F7169172D8DFD00CD6F3B /* ASIDownloadCache.h */,
				749F716A172D8DFD00CD6F3B /* ASIFormDataRequest.h */,
				749F716B172D8DFD00CD6F3B /* ASIHTTPRequest.h */,
				749F716C172D8DFD00CD6F3B /* ASIHTTPRequestConfig.h */,
				749F716D172D8DFD00CD6F3B /* ASIHTTPRequestDelegate.h */,
				749F716E172D8DFD00CD6F3B /* ASIInputStream.h */,
				749F716F172D8DFD00CD6F3B /* ASINetworkQueue.h */,
				749F7170172D8DFD00CD6F3B /* ASIProgressDelegate.h */,
				749F7171172D8DFD00CD6F3B /* Reachability.h */,
				748D49AB1724B48300407F32 /* Supporting Files */,
			);
			path = ASIHTTPRequest;
			sourceTree = "<group>";
		};
		748D49AB1724B48300407F32 /* Supporting Files */ = {
			isa = PBXGroup;
			children = (
				748D49AC1724B48300407F32 /* ASIHTTPRequest-Prefix.pch */,
			);
			name = "Supporting Files";
			sourceTree = "<group>";
		};
		748D4A8A1725D11A00407F32 /* Networking */ = {
			isa = PBXGroup;
			children = (
				748D4A8B1725D16200407F32 /* NetworkConfigModel.h */,
				748D4A8C1725D16200407F32 /* NetworkConfigModel.m */,
			);
			name = Networking;
			sourceTree = "<group>";
		};
		74D650E21704B91400E58615 /* Configurations */ = {
			isa = PBXGroup;
			children = (
				7428C46B170A11890013A04E /* AddSensorController.h */,
				7428C472170B8D150013A04E /* AddSensorController.m */,
				0854942E170288830007566F /* ScanController.h */,
				0854942F170288830007566F /* ScanController.m */,
				08549430170288830007566F /* SensorConfigViewController.h */,
				08549431170288830007566F /* SensorConfigViewController.m */,
				7428C44D1704CCBB0013A04E /* SensorTableController.h */,
				7428C44E1704CCBC0013A04E /* SensorTableController.m */,
				748D497B17249BF400407F32 /* UserConfigController.h */,
				748D497C17249BF400407F32 /* UserConfigController.m */,
			);
			name = Configurations;
			sourceTree = "<group>";
		};
		74D650E31704B93100E58615 /* Real Time */ = {
			isa = PBXGroup;
			children = (
				08089F2C16E6A90C00EBA435 /* CustomPagerViewController.h */,
				08089F2D16E6A90C00EBA435 /* CustomPagerViewController.m */,
				2750E79514CDB959007727A0 /* FirstTopViewController.h */,
				2750E79614CDB959007727A0 /* FirstTopViewController.m */,
				08089F2F16E6A90C00EBA435 /* PagerViewController.h */,
				08089F3016E6A90C00EBA435 /* PagerViewController.m */,
				086E780316F2428200EA221D /* GaugeViewController.h */,
				086E780416F2428200EA221D /* GaugeViewController.m */,
			);
			name = "Real Time";
			sourceTree = "<group>";
		};
		74D650E41704B93900E58615 /* Post */ = {
			isa = PBXGroup;
			children = (
				088BA65317172F46002F0831 /* public_html */,
				088BA65017172E1B002F0831 /* GraphViewController.h */,
				088BA65117172E1B002F0831 /* GraphViewController.m */,
				749FE1F9171DD0AF005511D7 /* RunSelectController.h */,
				749FE1FA171DD0AF005511D7 /* RunSelectController.m */,
				749F7172172DB42F00CD6F3B /* SensorSelectController.h */,
				749F7173172DB42F00CD6F3B /* SensorSelectController.m */,
			);
			name = Post;
			sourceTree = "<group>";
		};
		74D85A0E170F24A50059B791 /* Sync */ = {
			isa = PBXGroup;
			children = (
				74D85A0F170F24B90059B791 /* BLEGaugeAlarmService.h */,
				74D85A10170F24B90059B791 /* BLEGaugeAlarmService.m */,
			);
			name = Sync;
			sourceTree = "<group>";
		};
		74D85A12170F26500059B791 /* Navigation */ = {
			isa = PBXGroup;
			children = (
				089EC75D171DE1C1004A76EC /* KDCustom */,
				089EC75C171DE1B3004A76EC /* Sound */,
				27FC94DE14D0C14E0000B18C /* InitialSlidingViewController.h */,
				27FC94DF14D0C14E0000B18C /* InitialSlidingViewController.m */,
				2750E79214CDB93A007727A0 /* MenuViewController.h */,
				2750E79314CDB93A007727A0 /* MenuViewController.m */,
				27498DCC14E96C75005C043E /* NavigationTopViewController.h */,
				27498DCD14E96C75005C043E /* NavigationTopViewController.m */,
				27498DD314E96EEF005C043E /* SampleTableViewController.h */,
				27498DD414E96EEF005C043E /* SampleTableViewController.m */,
				2750E79814CDB99A007727A0 /* SecondTopViewController.h */,
				2750E79914CDB99A007727A0 /* SecondTopViewController.m */,
				2750E79B14CDBA48007727A0 /* ThirdTopViewController.h */,
				2750E79C14CDBA48007727A0 /* ThirdTopViewController.m */,
			);
			name = Navigation;
			sourceTree = "<group>";
		};
/* End PBXGroup section */

/* Begin PBXNativeTarget section */
		2750E76B14CDB0DF007727A0 /* AVALANCHE */ = {
			isa = PBXNativeTarget;
			buildConfigurationList = 2750E78414CDB0DF007727A0 /* Build configuration list for PBXNativeTarget "AVALANCHE" */;
			buildPhases = (
				2750E76814CDB0DF007727A0 /* Sources */,
				2750E76914CDB0DF007727A0 /* Frameworks */,
				2750E76A14CDB0DF007727A0 /* Resources */,
			);
			buildRules = (
			);
			dependencies = (
			);
			name = AVALANCHE;
			productName = ECSlidingViewController;
			productReference = 2750E76C14CDB0DF007727A0 /* AVALANCHE.app */;
			productType = "com.apple.product-type.application";
		};
/* End PBXNativeTarget section */

/* Begin PBXProject section */
		2750E76314CDB0DF007727A0 /* Project object */ = {
			isa = PBXProject;
			attributes = {
				LastUpgradeCheck = 0460;
			};
			buildConfigurationList = 2750E76614CDB0DF007727A0 /* Build configuration list for PBXProject "AVALANCHE" */;
			compatibilityVersion = "Xcode 3.2";
			developmentRegion = English;
			hasScannedForEncodings = 0;
			knownRegions = (
				en,
			);
			mainGroup = 2750E76114CDB0DF007727A0;
			productRefGroup = 2750E76D14CDB0DF007727A0 /* Products */;
			projectDirPath = "";
			projectRoot = "";
			targets = (
				2750E76B14CDB0DF007727A0 /* AVALANCHE */,
			);
		};
/* End PBXProject section */

/* Begin PBXResourcesBuildPhase section */
		2750E76A14CDB0DF007727A0 /* Resources */ = {
			isa = PBXResourcesBuildPhase;
			buildActionMask = 2147483647;
			files = (
				0883F5B117249C5A0072D952 /* jquery-2.0.0.min.js in Resources */,
				0883F5AF172490880072D952 /* chart.js in Resources */,
				0808054717174454007D6996 /* d3.min.js in Resources */,
				2750E77B14CDB0DF007727A0 /* InfoPlist.strings in Resources */,
				08A2AF2116E69C6B00065D0C /* Default-568h@2x.png in Resources */,
				089FFEC017034F800088D528 /* iPhone.storyboard in Resources */,
				7428C46F170A26DA0013A04E /* Icon.png in Resources */,
				7428C471170A26E70013A04E /* Icon@2x.png in Resources */,
				088BA65B17173AA6002F0831 /* index.html in Resources */,
				080805451717430A007D6996 /* data.tsv in Resources */,
				089EC76B171DE1E1004A76EC /* circle_outline.png in Resources */,
				089EC76C171DE1E1004A76EC /* circle_outline@2x.png in Resources */,
				089EC76D171DE1E1004A76EC /* circle_outline_pressed.png in Resources */,
				089EC76E171DE1E1004A76EC /* circle_outline_pressed@2x.png in Resources */,
				089EC76F171DE1E1004A76EC /* circle_ridge.png in Resources */,
				089EC770171DE1E1004A76EC /* circle_ridge@2x.png in Resources */,
				089EC771171DE1E1004A76EC /* circle_thumb.png in Resources */,
				089EC772171DE1E1004A76EC /* circle_thumb@2x.png in Resources */,
				089EC773171DE1E1004A76EC /* graph_week.png in Resources */,
				089EC774171DE1E1004A76EC /* graph_week@2x.png in Resources */,
				089EC775171DE1E1004A76EC /* graph_year.png in Resources */,
				089EC776171DE1E1004A76EC /* graph_year@2x.png in Resources */,
				08E4538F1720728E00F8CA6A /* circle_outline_120.png in Resources */,
				08E45391172084F300F8CA6A /* circle_outline_pressed_120.png in Resources */,
				0883F5B317249F640072D952 /* saveRun.xml in Resources */,
				08F7E30F1729AC4100A1F761 /* temp.xml in Resources */,
				08F7E3111729E2CD00A1F761 /* temp2.xml in Resources */,
				084FCEB9172D9BAB0037CDA8 /* temp3.xml in Resources */,
			);
			runOnlyForDeploymentPostprocessing = 0;
		};
/* End PBXResourcesBuildPhase section */

/* Begin PBXSourcesBuildPhase section */
		2750E76814CDB0DF007727A0 /* Sources */ = {
			isa = PBXSourcesBuildPhase;
			buildActionMask = 2147483647;
			files = (
				2750E77D14CDB0DF007727A0 /* main.m in Sources */,
				2750E78114CDB0DF007727A0 /* AppDelegate.m in Sources */,
				2750E79414CDB93A007727A0 /* MenuViewController.m in Sources */,
				2750E79714CDB959007727A0 /* FirstTopViewController.m in Sources */,
				2750E79A14CDB99A007727A0 /* SecondTopViewController.m in Sources */,
				2750E79D14CDBA48007727A0 /* ThirdTopViewController.m in Sources */,
				2750E7AE14CF1306007727A0 /* ECSlidingViewController.m in Sources */,
				2750E7AF14CF1306007727A0 /* UIImage+ImageWithUIView.m in Sources */,
				27FC94E014D0C14E0000B18C /* InitialSlidingViewController.m in Sources */,
				27498DCE14E96C75005C043E /* NavigationTopViewController.m in Sources */,
				27498DD514E96EEF005C043E /* SampleTableViewController.m in Sources */,
				08089F3116E6A90C00EBA435 /* CustomPagerViewController.m in Sources */,
				08089F3316E6A90C00EBA435 /* PagerViewController.m in Sources */,
				746178E616EBCDF80007FE56 /* ConfigurationModelMap.m in Sources */,
				746178E816EBCDF80007FE56 /* SensorAggregateModel.m in Sources */,
				746178E916EBCDF80007FE56 /* SensorSnapshotModel.m in Sources */,
				746178ED16EBCFC00007FE56 /* GaugeModel.m in Sources */,
				746178F016EBE5720007FE56 /* ConfigurationModel.m in Sources */,
				086E780816F2428200EA221D /* GaugeViewController.m in Sources */,
				0866AF9816F8E0760097F624 /* RealTimeBuilder.m in Sources */,
				08549435170288830007566F /* ScanController.m in Sources */,
				08549436170288830007566F /* SensorConfigViewController.m in Sources */,
				7428C44F1704CCBC0013A04E /* SensorTableController.m in Sources */,
				7428C473170B8D150013A04E /* AddSensorController.m in Sources */,
				74D85A11170F24B90059B791 /* BLEGaugeAlarmService.m in Sources */,
				088BA65217172E1B002F0831 /* GraphViewController.m in Sources */,
				749FE1F517184DC1005511D7 /* RunListModel.m in Sources */,
				749FE1FB171DD0AF005511D7 /* RunSelectController.m in Sources */,
				089EC77D171DE200004A76EC /* KDBarGraph.m in Sources */,
				089EC77E171DE200004A76EC /* KDGoalBar.m in Sources */,
				089EC77F171DE200004A76EC /* KDGoalBarPercentLayer.m in Sources */,
				089EC782171DE3F6004A76EC /* SoundPlayer.m in Sources */,
				748D49761721AA3900407F32 /* RunModel.m in Sources */,
				748D497A1724910000407F32 /* UserModel.m in Sources */,
				748D497D17249BF400407F32 /* UserConfigController.m in Sources */,
				748D4A891725D06600407F32 /* ServerConfigController.m in Sources */,
				748D4A8D1725D16200407F32 /* NetworkConfigModel.m in Sources */,
				742C43FE17299D410013AB46 /* GaugeDisplayModel.m in Sources */,
				742C4401172C30C60013AB46 /* ServerRunsController.m in Sources */,
				744F50A8172CB6630094D40E /* UploadRunsController.m in Sources */,
				749F7174172DB42F00CD6F3B /* SensorSelectController.m in Sources */,
			);
			runOnlyForDeploymentPostprocessing = 0;
		};
/* End PBXSourcesBuildPhase section */

/* Begin PBXVariantGroup section */
		2750E77914CDB0DF007727A0 /* InfoPlist.strings */ = {
			isa = PBXVariantGroup;
			children = (
				2750E77A14CDB0DF007727A0 /* en */,
			);
			name = InfoPlist.strings;
			sourceTree = "<group>";
		};
/* End PBXVariantGroup section */

/* Begin XCBuildConfiguration section */
		2750E78214CDB0DF007727A0 /* Debug */ = {
			isa = XCBuildConfiguration;
			buildSettings = {
				ALWAYS_SEARCH_USER_PATHS = NO;
				ARCHS = "$(ARCHS_STANDARD_32_BIT)";
				CLANG_ENABLE_OBJC_ARC = YES;
				CLANG_WARN_CONSTANT_CONVERSION = YES;
				CLANG_WARN_ENUM_CONVERSION = YES;
				CLANG_WARN_INT_CONVERSION = YES;
				CLANG_WARN__DUPLICATE_METHOD_MATCH = YES;
				"CODE_SIGN_IDENTITY[sdk=iphoneos*]" = "iPhone Developer";
				COPY_PHASE_STRIP = NO;
				GCC_C_LANGUAGE_STANDARD = gnu99;
				GCC_DYNAMIC_NO_PIC = NO;
				GCC_OPTIMIZATION_LEVEL = 0;
				GCC_PREPROCESSOR_DEFINITIONS = (
					"DEBUG=1",
					"$(inherited)",
				);
				GCC_SYMBOLS_PRIVATE_EXTERN = NO;
				GCC_VERSION = com.apple.compilers.llvm.clang.1_0;
				GCC_WARN_ABOUT_MISSING_PROTOTYPES = YES;
				GCC_WARN_ABOUT_RETURN_TYPE = YES;
				GCC_WARN_UNINITIALIZED_AUTOS = YES;
				GCC_WARN_UNUSED_VARIABLE = YES;
				IPHONEOS_DEPLOYMENT_TARGET = 6.1;
				SDKROOT = iphoneos;
			};
			name = Debug;
		};
		2750E78314CDB0DF007727A0 /* Release */ = {
			isa = XCBuildConfiguration;
			buildSettings = {
				ALWAYS_SEARCH_USER_PATHS = NO;
				ARCHS = "$(ARCHS_STANDARD_32_BIT)";
				CLANG_ENABLE_OBJC_ARC = YES;
				CLANG_WARN_CONSTANT_CONVERSION = YES;
				CLANG_WARN_ENUM_CONVERSION = YES;
				CLANG_WARN_INT_CONVERSION = YES;
				CLANG_WARN__DUPLICATE_METHOD_MATCH = YES;
				"CODE_SIGN_IDENTITY[sdk=iphoneos*]" = "iPhone Developer";
				COPY_PHASE_STRIP = YES;
				GCC_C_LANGUAGE_STANDARD = gnu99;
				GCC_VERSION = com.apple.compilers.llvm.clang.1_0;
				GCC_WARN_ABOUT_MISSING_PROTOTYPES = YES;
				GCC_WARN_ABOUT_RETURN_TYPE = YES;
				GCC_WARN_UNINITIALIZED_AUTOS = YES;
				GCC_WARN_UNUSED_VARIABLE = YES;
				IPHONEOS_DEPLOYMENT_TARGET = 6.1;
				OTHER_CFLAGS = "-DNS_BLOCK_ASSERTIONS=1";
				SDKROOT = iphoneos;
				VALIDATE_PRODUCT = YES;
			};
			name = Release;
		};
		2750E78514CDB0DF007727A0 /* Debug */ = {
			isa = XCBuildConfiguration;
			buildSettings = {
				GCC_PRECOMPILE_PREFIX_HEADER = YES;
				GCC_PREFIX_HEADER = "ECSlidingViewController/AVALANCHE-Prefix.pch";
				INFOPLIST_FILE = "ECSlidingViewController/AVALANCHE-Info.plist";
				IPHONEOS_DEPLOYMENT_TARGET = 6.1;
				LIBRARY_SEARCH_PATHS = (
					"$(inherited)",
					"\"$(SRCROOT)/ECSlidingViewController\"",
				);
				PRODUCT_NAME = AVALANCHE;
				TARGETED_DEVICE_FAMILY = 1;
				WRAPPER_EXTENSION = app;
			};
			name = Debug;
		};
		2750E78614CDB0DF007727A0 /* Release */ = {
			isa = XCBuildConfiguration;
			buildSettings = {
				GCC_PRECOMPILE_PREFIX_HEADER = YES;
				GCC_PREFIX_HEADER = "ECSlidingViewController/AVALANCHE-Prefix.pch";
				INFOPLIST_FILE = "ECSlidingViewController/AVALANCHE-Info.plist";
				IPHONEOS_DEPLOYMENT_TARGET = 6.1;
				LIBRARY_SEARCH_PATHS = (
					"$(inherited)",
					"\"$(SRCROOT)/ECSlidingViewController\"",
				);
				PRODUCT_NAME = AVALANCHE;
				TARGETED_DEVICE_FAMILY = 1;
				WRAPPER_EXTENSION = app;
			};
			name = Release;
		};
/* End XCBuildConfiguration section */

/* Begin XCConfigurationList section */
		2750E76614CDB0DF007727A0 /* Build configuration list for PBXProject "AVALANCHE" */ = {
			isa = XCConfigurationList;
			buildConfigurations = (
				2750E78214CDB0DF007727A0 /* Debug */,
				2750E78314CDB0DF007727A0 /* Release */,
			);
			defaultConfigurationIsVisible = 0;
			defaultConfigurationName = Release;
		};
		2750E78414CDB0DF007727A0 /* Build configuration list for PBXNativeTarget "AVALANCHE" */ = {
			isa = XCConfigurationList;
			buildConfigurations = (
				2750E78514CDB0DF007727A0 /* Debug */,
				2750E78614CDB0DF007727A0 /* Release */,
			);
			defaultConfigurationIsVisible = 0;
			defaultConfigurationName = Release;
		};
/* End XCConfigurationList section */
	};
	rootObject = 2750E76314CDB0DF007727A0 /* Project object */;
}
